
Microsoft Visual Studio Solution File, Format Version 12.00
# Visual Studio Version 16
VisualStudioVersion = 16.0.31019.35
MinimumVisualStudioVersion = 10.0.40219.1
Project("{8BC9CEB8-8B4A-11D0-8D11-00A0C91BC942}") = "HelloTriangle", "HelloTriangle\HelloTriangle.vcxproj", "{5A35C241-37F4-4AB0-B022-B4FC74D954AF}"
EndProject
Global
	GlobalSection(SolutionConfigurationPlatforms) = preSolution
		Debug|x64 = Debug|x64
		Debug|x86 = Debug|x86
		Release|x64 = Release|x64
		Release|x86 = Release|x86
	EndGlobalSection
	GlobalSection(ProjectConfigurationPlatforms) = postSolution
		{5A35C241-37F4-4AB0-B022-B4FC74D954AF}.Debug|x64.ActiveCfg = Debug|x64
		{5A35C241-37F4-4AB0-B022-B4FC74D954AF}.Debug|x64.Build.0 = Debug|x64
		{5A35C241-37F4-4AB0-B022-B4FC74D954AF}.Debug|x86.ActiveCfg = Debug|Win32
		{5A35C241-37F4-4AB0-B022-B4FC74D954AF}.Debug|x86.Build.0 = Debug|Win32
		{5A35C241-37F4-4AB0-B022-B4FC74D954AF}.Release|x64.ActiveCfg = Release|x64
		{5A35C241-37F4-4AB0-B022-B4FC74D954AF}.Release|x64.Build.0 = Release|x64
		{5A35C241-37F4-4AB0-B022-B4FC74D954AF}.Release|x86.ActiveCfg = Release|Win32
		{5A35C241-37F4-4AB0-B022-B4FC74D954AF}.Release|x86.Build.0 = Release|Win32
	EndGlobalSection
	GlobalSection(SolutionProperties) = preSolution
		HideSolutionNode = FALSE
	EndGlobalSection
	GlobalSection(ExtensibilityGlobals) = postSolution
		SolutionGuid = {4C4B6DE7-65C1-453B-84F0-23D52E1A563A}
	EndGlobalSection
EndGlobal
